
Microsoft Visual Studio Solution File, Format Version 12.00
# Visual Studio Version 17
VisualStudioVersion = 17.14.36202.13 d17.14
MinimumVisualStudioVersion = 10.0.40219.1
Project("{FAE04EC0-301F-11D3-BF4B-00C04F79EFBC}") = "NotesApi", "NotesApi\NotesApi.csproj", "{21F3011B-157F-4B5D-A317-863EC2C70659}"
EndProject
Global
	GlobalSection(SolutionConfigurationPlatforms) = preSolution
		Debug|Any CPU = Debug|Any CPU
		Release|Any CPU = Release|Any CPU
	EndGlobalSection
	GlobalSection(ProjectConfigurationPlatforms) = postSolution
		{21F3011B-157F-4B5D-A317-863EC2C70659}.Debug|Any CPU.ActiveCfg = Debug|Any CPU
		{21F3011B-157F-4B5D-A317-863EC2C70659}.Debug|Any CPU.Build.0 = Debug|Any CPU
		{21F3011B-157F-4B5D-A317-863EC2C70659}.Release|Any CPU.ActiveCfg = Release|Any CPU
		{21F3011B-157F-4B5D-A317-863EC2C70659}.Release|Any CPU.Build.0 = Release|Any CPU
	EndGlobalSection
	GlobalSection(SolutionProperties) = preSolution
		HideSolutionNode = FALSE
	EndGlobalSection
	GlobalSection(ExtensibilityGlobals) = postSolution
		SolutionGuid = {97F71284-E9D5-47D3-A11B-4022F586AE2D}
	EndGlobalSection
EndGlobal
